
Microsoft Visual Studio Solution File, Format Version 12.00
# Visual Studio Version 16
VisualStudioVersion = 16.0.32002.261
MinimumVisualStudioVersion = 10.0.40219.1
Project("{FAE04EC0-301F-11D3-BF4B-00C04F79EFBC}") = "asp-net-core-identity-mvc", "asp-net-core-identity-mvc.csproj", "{F35FE443-20ED-466C-A16C-F657DB9AE903}"
EndProject
Global
	GlobalSection(SolutionConfigurationPlatforms) = preSolution
		Debug|Any CPU = Debug|Any CPU
		Release|Any CPU = Release|Any CPU
	EndGlobalSection
	GlobalSection(ProjectConfigurationPlatforms) = postSolution
		{F35FE443-20ED-466C-A16C-F657DB9AE903}.Debug|Any CPU.ActiveCfg = Debug|Any CPU
		{F35FE443-20ED-466C-A16C-F657DB9AE903}.Debug|Any CPU.Build.0 = Debug|Any CPU
		{F35FE443-20ED-466C-A16C-F657DB9AE903}.Release|Any CPU.ActiveCfg = Release|Any CPU
		{F35FE443-20ED-466C-A16C-F657DB9AE903}.Release|Any CPU.Build.0 = Release|Any CPU
	EndGlobalSection
	GlobalSection(SolutionProperties) = preSolution
		HideSolutionNode = FALSE
	EndGlobalSection
	GlobalSection(ExtensibilityGlobals) = postSolution
		SolutionGuid = {925C4A62-86C7-4B8B-80AC-46BC473FB134}
	EndGlobalSection
EndGlobal
